
Microsoft Visual Studio Solution File, Format Version 12.00
# Visual Studio Version 17
VisualStudioVersion = 17.3.32901.215
MinimumVisualStudioVersion = 10.0.40219.1
Project("{9A19103F-16F7-4668-BE54-9A1E7A4F7556}") = "Learning.API.ADONET.Net6", "Learning.API.ADONET.Net6\Learning.API.ADONET.Net6.csproj", "{C655A4AF-50EE-42FE-A49E-9E095C850A22}"
EndProject
Project("{2150E333-8FDC-42A3-9474-1A3956D46DE8}") = "API", "API", "{4B03F9DE-FEE7-40A1-A795-FBAD4D2DED39}"
EndProject
Project("{2150E333-8FDC-42A3-9474-1A3956D46DE8}") = "Microservices", "Microservices", "{1405D556-D2CC-467E-BE57-D021E8F40A76}"
EndProject
Project("{2150E333-8FDC-42A3-9474-1A3956D46DE8}") = "Boilerplate.API.Net6.0", "Boilerplate.API.Net6.0", "{0BA40EB5-3BA1-4C7C-8A35-2EA6D63457D1}"
EndProject
Project("{9A19103F-16F7-4668-BE54-9A1E7A4F7556}") = "API.Boilerplate.SignUp.Verification.Authentication.ForgotPassword", "API.Boilerplate.SignUp.Verification.Authentication.ForgotPassword\API.Boilerplate.SignUp.Verification.Authentication.ForgotPassword.csproj", "{49A80E5D-A713-4514-A02D-441B65E32474}"
EndProject
Project("{2150E333-8FDC-42A3-9474-1A3956D46DE8}") = "Basics", "Basics", "{37FDE43E-DB1B-489C-A75C-AF988C80B1A1}"
EndProject
Project("{2150E333-8FDC-42A3-9474-1A3956D46DE8}") = "Basic.Console.Application.Samples", "Basic.Console.Application.Samples", "{D5CC2662-376F-4BF8-8295-693AD434BAE9}"
EndProject
Project("{9A19103F-16F7-4668-BE54-9A1E7A4F7556}") = "Basic.Console.Application.Samples", "Basic.Console.Application.Samples\Basic.Console.Application.Samples.csproj", "{C66C3266-78A1-4C62-B954-669DC8D3ABE1}"
EndProject
Project("{2150E333-8FDC-42A3-9474-1A3956D46DE8}") = "CRUD.EFCore.Net6.API", "CRUD.EFCore.Net6.API", "{E3FC5243-D45C-4D74-8CD1-9283C2262FEC}"
EndProject
Project("{9A19103F-16F7-4668-BE54-9A1E7A4F7556}") = "CRUD.EFCore.Net6.API", "CRUD.EFCore.Net6.API\CRUD.EFCore.Net6.API.csproj", "{E8F12206-DEEB-4062-B74E-7940D6C07D9C}"
EndProject
Project("{2150E333-8FDC-42A3-9474-1A3956D46DE8}") = "ATS.EFCore.DBFirst.API", "ATS.EFCore.DBFirst.API", "{26FFD2B0-78C3-4E9D-8B0F-776F9B068CE3}"
EndProject
Project("{9A19103F-16F7-4668-BE54-9A1E7A4F7556}") = "ATS.EFCore.DBFirst.API", "ATS.EFCore.DBFirst.API\ATS.EFCore.DBFirst.API.csproj", "{456FDD1C-D915-4BFE-902A-98A81BBBCD1E}"
EndProject
Project("{9A19103F-16F7-4668-BE54-9A1E7A4F7556}") = "ATS.EFCore.DBFirst.Models", "ATS.EFCore.DBFirst.Models\ATS.EFCore.DBFirst.Models.csproj", "{AD92E8D9-933B-4BAC-9343-700A359EFC2C}"
EndProject
Project("{9A19103F-16F7-4668-BE54-9A1E7A4F7556}") = "ATS.EFCore.DBFirst.Repository", "ATS.EFCore.DBFirst.Repository\ATS.EFCore.DBFirst.Repository.csproj", "{A832881A-9B88-46A0-8272-6C9F42223DA6}"
EndProject
Project("{9A19103F-16F7-4668-BE54-9A1E7A4F7556}") = "ATS.EFCore.DBFirst.DBFirst", "ATS.EFCore.DBFirst.DBFirst\ATS.EFCore.DBFirst.DBFirst.csproj", "{C6872D8F-DB26-484D-BFB4-5BFC7BE205BA}"
EndProject
Project("{2150E333-8FDC-42A3-9474-1A3956D46DE8}") = "Dapper.RepositoryPattern", "Dapper.RepositoryPattern", "{5F9ABEC9-7B48-4018-B58E-B382125FE214}"
EndProject
Project("{9A19103F-16F7-4668-BE54-9A1E7A4F7556}") = "Dapper.WebApi", "Dapper.WebApi\Dapper.WebApi.csproj", "{307060C6-29B4-4679-9C1E-9088E0564490}"
EndProject
Project("{9A19103F-16F7-4668-BE54-9A1E7A4F7556}") = "Dapper.Core", "Dapper.Core\Dapper.Core.csproj", "{4E42A999-9602-4C12-A3CC-A004A85F0E3E}"
EndProject
Project("{9A19103F-16F7-4668-BE54-9A1E7A4F7556}") = "Dapper.Application", "Dapper.Application\Dapper.Application.csproj", "{C633E715-8BB4-4D5B-93DB-CD05A080AAFF}"
EndProject
Project("{9A19103F-16F7-4668-BE54-9A1E7A4F7556}") = "Dapper.Infrastructure", "Dapper.Infrastructure\Dapper.Infrastructure.csproj", "{018805C7-DA63-4B36-A960-9E069033B535}"
EndProject
Project("{2150E333-8FDC-42A3-9474-1A3956D46DE8}") = "ConsoleApp", "ConsoleApp", "{71CF701D-9E8C-4203-8C4D-79036F27CE88}"
EndProject
Project("{9A19103F-16F7-4668-BE54-9A1E7A4F7556}") = "DownloadPdf", "DownloadPdf\DownloadPdf.csproj", "{C94A7C42-D733-448A-8444-91DEDA5FCFAA}"
EndProject
Project("{9A19103F-16F7-4668-BE54-9A1E7A4F7556}") = "Snowflake", "Snowflake\Snowflake.csproj", "{3FC18740-63D9-4D39-9CB3-5AB717833D03}"
EndProject
Project("{2150E333-8FDC-42A3-9474-1A3956D46DE8}") = "AppSettingToRepositoryClass", "AppSettingToRepositoryClass", "{713234D7-DC62-4BBA-99F1-3E87302FFC35}"
EndProject
Project("{9A19103F-16F7-4668-BE54-9A1E7A4F7556}") = "AppSettings.API", "AppSettings.API\AppSettings.API.csproj", "{15147CD7-A57E-4E2D-ACA6-D30D8B65DEC1}"
EndProject
Project("{9A19103F-16F7-4668-BE54-9A1E7A4F7556}") = "AppSettings.Repository", "AppSettings.Repository\AppSettings.Repository.csproj", "{F6606529-D1D5-44F1-8E75-45F8697F4815}"
EndProject
Project("{9A19103F-16F7-4668-BE54-9A1E7A4F7556}") = "AppSettings.Models", "AppSettings.Models\AppSettings.Models.csproj", "{35D7F296-2ED5-4EF5-AAC0-212F5ABAB844}"
EndProject
Project("{2150E333-8FDC-42A3-9474-1A3956D46DE8}") = "AsyncAwait", "AsyncAwait", "{7836BD64-0DD1-48CA-885A-9A6F536FAC95}"
EndProject
Project("{9A19103F-16F7-4668-BE54-9A1E7A4F7556}") = "AysncAwait", "AysncAwait\AysncAwait.csproj", "{77314DEC-A602-4A4A-A9D3-4CAF8393BE14}"
EndProject
Project("{2150E333-8FDC-42A3-9474-1A3956D46DE8}") = "Learning.DBFirst.EFCore.API", "Learning.DBFirst.EFCore.API", "{C51B73BE-74F9-4E57-ACD9-2C92217E40C5}"
EndProject
Project("{9A19103F-16F7-4668-BE54-9A1E7A4F7556}") = "Learning.DBFirst.EFCore.API", "Learning.DBFirst.EFCore.API\Learning.DBFirst.EFCore.API.csproj", "{60E210CD-8E86-4FC7-8DD0-A04A547A74AA}"
EndProject
Project("{2150E333-8FDC-42A3-9474-1A3956D46DE8}") = "Learning.CodeFirst.EFCore.Core7.API", "Learning.CodeFirst.EFCore.Core7.API", "{8C559B4F-74B8-49E2-AE60-058112FDAA7C}"
EndProject
Project("{9A19103F-16F7-4668-BE54-9A1E7A4F7556}") = "CodeFirst.EFCore.API", "CodeFirst.EFCore.API\CodeFirst.EFCore.API.csproj", "{520D5752-1225-4CCA-9908-0D5C0BEA2034}"
EndProject
Project("{2150E333-8FDC-42A3-9474-1A3956D46DE8}") = "CoreWebAPI.AuditTrail", "CoreWebAPI.AuditTrail", "{A7D24B4C-23CD-448B-9533-F7C097B7BA76}"
EndProject
Project("{9A19103F-16F7-4668-BE54-9A1E7A4F7556}") = "WebApi.AuditTrial", "WebApi.AuditTrial\WebApi.AuditTrial.csproj", "{5CF6B254-31AB-4835-8836-296DC7D5DB94}"
EndProject
Project("{2150E333-8FDC-42A3-9474-1A3956D46DE8}") = "Dapper.PostgreSql.Core7.Api", "Dapper.PostgreSql.Core7.Api", "{3A3B31B4-BC4A-402B-830B-8FE2B169F223}"
EndProject
Project("{9A19103F-16F7-4668-BE54-9A1E7A4F7556}") = "Dapper.PostgreSql.Core7.Api", "Dapper.PostgreSql.Core7.Api\Dapper.PostgreSql.Core7.Api.csproj", "{68B9C74A-8560-4E64-A529-8C1B98FCE1E1}"
EndProject
Project("{2150E333-8FDC-42A3-9474-1A3956D46DE8}") = "EmpAdmin.EFCore.DBFirst.API", "EmpAdmin.EFCore.DBFirst.API", "{54821C5A-59B6-4910-ABF9-96BB298C47C1}"
EndProject
Project("{9A19103F-16F7-4668-BE54-9A1E7A4F7556}") = "EmpAdmin.EFCore.DBFirst.API", "EmpAdmin.EFCore.DBFirst.API\EmpAdmin.EFCore.DBFirst.API.csproj", "{02A00C49-BE03-49C4-8CDB-D98128ADB2E3}"
EndProject
Project("{9A19103F-16F7-4668-BE54-9A1E7A4F7556}") = "WinWire.Console", "WinWire.Console\WinWire.Console.csproj", "{FEEEC60B-248B-4545-BFBA-36753F4AB989}"
EndProject
Project("{2150E333-8FDC-42A3-9474-1A3956D46DE8}") = "tests", "tests", "{A8A802EC-9832-466F-885C-6858E7BC303E}"
EndProject
Project("{9A19103F-16F7-4668-BE54-9A1E7A4F7556}") = "Learning.DBFirst.EFCore.API.Tests", "Learning.DBFirst.EFCore.API.Tests\Learning.DBFirst.EFCore.API.Tests.csproj", "{1D19602F-C7F8-4BF7-A131-AAAE949B450D}"
EndProject
Global
	GlobalSection(SolutionConfigurationPlatforms) = preSolution
		Debug|Any CPU = Debug|Any CPU
		Release|Any CPU = Release|Any CPU
	EndGlobalSection
	GlobalSection(ProjectConfigurationPlatforms) = postSolution
		{C655A4AF-50EE-42FE-A49E-9E095C850A22}.Debug|Any CPU.ActiveCfg = Debug|Any CPU
		{C655A4AF-50EE-42FE-A49E-9E095C850A22}.Debug|Any CPU.Build.0 = Debug|Any CPU
		{C655A4AF-50EE-42FE-A49E-9E095C850A22}.Release|Any CPU.ActiveCfg = Release|Any CPU
		{C655A4AF-50EE-42FE-A49E-9E095C850A22}.Release|Any CPU.Build.0 = Release|Any CPU
		{49A80E5D-A713-4514-A02D-441B65E32474}.Debug|Any CPU.ActiveCfg = Debug|Any CPU
		{49A80E5D-A713-4514-A02D-441B65E32474}.Debug|Any CPU.Build.0 = Debug|Any CPU
		{49A80E5D-A713-4514-A02D-441B65E32474}.Release|Any CPU.ActiveCfg = Release|Any CPU
		{49A80E5D-A713-4514-A02D-441B65E32474}.Release|Any CPU.Build.0 = Release|Any CPU
		{C66C3266-78A1-4C62-B954-669DC8D3ABE1}.Debug|Any CPU.ActiveCfg = Debug|Any CPU
		{C66C3266-78A1-4C62-B954-669DC8D3ABE1}.Debug|Any CPU.Build.0 = Debug|Any CPU
		{C66C3266-78A1-4C62-B954-669DC8D3ABE1}.Release|Any CPU.ActiveCfg = Release|Any CPU
		{C66C3266-78A1-4C62-B954-669DC8D3ABE1}.Release|Any CPU.Build.0 = Release|Any CPU
		{E8F12206-DEEB-4062-B74E-7940D6C07D9C}.Debug|Any CPU.ActiveCfg = Debug|Any CPU
		{E8F12206-DEEB-4062-B74E-7940D6C07D9C}.Debug|Any CPU.Build.0 = Debug|Any CPU
		{E8F12206-DEEB-4062-B74E-7940D6C07D9C}.Release|Any CPU.ActiveCfg = Release|Any CPU
		{E8F12206-DEEB-4062-B74E-7940D6C07D9C}.Release|Any CPU.Build.0 = Release|Any CPU
		{456FDD1C-D915-4BFE-902A-98A81BBBCD1E}.Debug|Any CPU.ActiveCfg = Debug|Any CPU
		{456FDD1C-D915-4BFE-902A-98A81BBBCD1E}.Debug|Any CPU.Build.0 = Debug|Any CPU
		{456FDD1C-D915-4BFE-902A-98A81BBBCD1E}.Release|Any CPU.ActiveCfg = Release|Any CPU
		{456FDD1C-D915-4BFE-902A-98A81BBBCD1E}.Release|Any CPU.Build.0 = Release|Any CPU
		{AD92E8D9-933B-4BAC-9343-700A359EFC2C}.Debug|Any CPU.ActiveCfg = Debug|Any CPU
		{AD92E8D9-933B-4BAC-9343-700A359EFC2C}.Debug|Any CPU.Build.0 = Debug|Any CPU
		{AD92E8D9-933B-4BAC-9343-700A359EFC2C}.Release|Any CPU.ActiveCfg = Release|Any CPU
		{AD92E8D9-933B-4BAC-9343-700A359EFC2C}.Release|Any CPU.Build.0 = Release|Any CPU
		{A832881A-9B88-46A0-8272-6C9F42223DA6}.Debug|Any CPU.ActiveCfg = Debug|Any CPU
		{A832881A-9B88-46A0-8272-6C9F42223DA6}.Debug|Any CPU.Build.0 = Debug|Any CPU
		{A832881A-9B88-46A0-8272-6C9F42223DA6}.Release|Any CPU.ActiveCfg = Release|Any CPU
		{A832881A-9B88-46A0-8272-6C9F42223DA6}.Release|Any CPU.Build.0 = Release|Any CPU
		{C6872D8F-DB26-484D-BFB4-5BFC7BE205BA}.Debug|Any CPU.ActiveCfg = Debug|Any CPU
		{C6872D8F-DB26-484D-BFB4-5BFC7BE205BA}.Debug|Any CPU.Build.0 = Debug|Any CPU
		{C6872D8F-DB26-484D-BFB4-5BFC7BE205BA}.Release|Any CPU.ActiveCfg = Release|Any CPU
		{C6872D8F-DB26-484D-BFB4-5BFC7BE205BA}.Release|Any CPU.Build.0 = Release|Any CPU
		{307060C6-29B4-4679-9C1E-9088E0564490}.Debug|Any CPU.ActiveCfg = Debug|Any CPU
		{307060C6-29B4-4679-9C1E-9088E0564490}.Debug|Any CPU.Build.0 = Debug|Any CPU
		{307060C6-29B4-4679-9C1E-9088E0564490}.Release|Any CPU.ActiveCfg = Release|Any CPU
		{307060C6-29B4-4679-9C1E-9088E0564490}.Release|Any CPU.Build.0 = Release|Any CPU
		{4E42A999-9602-4C12-A3CC-A004A85F0E3E}.Debug|Any CPU.ActiveCfg = Debug|Any CPU
		{4E42A999-9602-4C12-A3CC-A004A85F0E3E}.Debug|Any CPU.Build.0 = Debug|Any CPU
		{4E42A999-9602-4C12-A3CC-A004A85F0E3E}.Release|Any CPU.ActiveCfg = Release|Any CPU
		{4E42A999-9602-4C12-A3CC-A004A85F0E3E}.Release|Any CPU.Build.0 = Release|Any CPU
		{C633E715-8BB4-4D5B-93DB-CD05A080AAFF}.Debug|Any CPU.ActiveCfg = Debug|Any CPU
		{C633E715-8BB4-4D5B-93DB-CD05A080AAFF}.Debug|Any CPU.Build.0 = Debug|Any CPU
		{C633E715-8BB4-4D5B-93DB-CD05A080AAFF}.Release|Any CPU.ActiveCfg = Release|Any CPU
		{C633E715-8BB4-4D5B-93DB-CD05A080AAFF}.Release|Any CPU.Build.0 = Release|Any CPU
		{018805C7-DA63-4B36-A960-9E069033B535}.Debug|Any CPU.ActiveCfg = Debug|Any CPU
		{018805C7-DA63-4B36-A960-9E069033B535}.Debug|Any CPU.Build.0 = Debug|Any CPU
		{018805C7-DA63-4B36-A960-9E069033B535}.Release|Any CPU.ActiveCfg = Release|Any CPU
		{018805C7-DA63-4B36-A960-9E069033B535}.Release|Any CPU.Build.0 = Release|Any CPU
		{C94A7C42-D733-448A-8444-91DEDA5FCFAA}.Debug|Any CPU.ActiveCfg = Debug|Any CPU
		{C94A7C42-D733-448A-8444-91DEDA5FCFAA}.Debug|Any CPU.Build.0 = Debug|Any CPU
		{C94A7C42-D733-448A-8444-91DEDA5FCFAA}.Release|Any CPU.ActiveCfg = Release|Any CPU
		{C94A7C42-D733-448A-8444-91DEDA5FCFAA}.Release|Any CPU.Build.0 = Release|Any CPU
		{3FC18740-63D9-4D39-9CB3-5AB717833D03}.Debug|Any CPU.ActiveCfg = Debug|Any CPU
		{3FC18740-63D9-4D39-9CB3-5AB717833D03}.Debug|Any CPU.Build.0 = Debug|Any CPU
		{3FC18740-63D9-4D39-9CB3-5AB717833D03}.Release|Any CPU.ActiveCfg = Release|Any CPU
		{3FC18740-63D9-4D39-9CB3-5AB717833D03}.Release|Any CPU.Build.0 = Release|Any CPU
		{15147CD7-A57E-4E2D-ACA6-D30D8B65DEC1}.Debug|Any CPU.ActiveCfg = Debug|Any CPU
		{15147CD7-A57E-4E2D-ACA6-D30D8B65DEC1}.Debug|Any CPU.Build.0 = Debug|Any CPU
		{15147CD7-A57E-4E2D-ACA6-D30D8B65DEC1}.Release|Any CPU.ActiveCfg = Release|Any CPU
		{15147CD7-A57E-4E2D-ACA6-D30D8B65DEC1}.Release|Any CPU.Build.0 = Release|Any CPU
		{F6606529-D1D5-44F1-8E75-45F8697F4815}.Debug|Any CPU.ActiveCfg = Debug|Any CPU
		{F6606529-D1D5-44F1-8E75-45F8697F4815}.Debug|Any CPU.Build.0 = Debug|Any CPU
		{F6606529-D1D5-44F1-8E75-45F8697F4815}.Release|Any CPU.ActiveCfg = Release|Any CPU
		{F6606529-D1D5-44F1-8E75-45F8697F4815}.Release|Any CPU.Build.0 = Release|Any CPU
		{35D7F296-2ED5-4EF5-AAC0-212F5ABAB844}.Debug|Any CPU.ActiveCfg = Debug|Any CPU
		{35D7F296-2ED5-4EF5-AAC0-212F5ABAB844}.Debug|Any CPU.Build.0 = Debug|Any CPU
		{35D7F296-2ED5-4EF5-AAC0-212F5ABAB844}.Release|Any CPU.ActiveCfg = Release|Any CPU
		{35D7F296-2ED5-4EF5-AAC0-212F5ABAB844}.Release|Any CPU.Build.0 = Release|Any CPU
		{77314DEC-A602-4A4A-A9D3-4CAF8393BE14}.Debug|Any CPU.ActiveCfg = Debug|Any CPU
		{77314DEC-A602-4A4A-A9D3-4CAF8393BE14}.Debug|Any CPU.Build.0 = Debug|Any CPU
		{77314DEC-A602-4A4A-A9D3-4CAF8393BE14}.Release|Any CPU.ActiveCfg = Release|Any CPU
		{77314DEC-A602-4A4A-A9D3-4CAF8393BE14}.Release|Any CPU.Build.0 = Release|Any CPU
		{60E210CD-8E86-4FC7-8DD0-A04A547A74AA}.Debug|Any CPU.ActiveCfg = Debug|Any CPU
		{60E210CD-8E86-4FC7-8DD0-A04A547A74AA}.Debug|Any CPU.Build.0 = Debug|Any CPU
		{60E210CD-8E86-4FC7-8DD0-A04A547A74AA}.Release|Any CPU.ActiveCfg = Release|Any CPU
		{60E210CD-8E86-4FC7-8DD0-A04A547A74AA}.Release|Any CPU.Build.0 = Release|Any CPU
		{520D5752-1225-4CCA-9908-0D5C0BEA2034}.Debug|Any CPU.ActiveCfg = Debug|Any CPU
		{520D5752-1225-4CCA-9908-0D5C0BEA2034}.Debug|Any CPU.Build.0 = Debug|Any CPU
		{520D5752-1225-4CCA-9908-0D5C0BEA2034}.Release|Any CPU.ActiveCfg = Release|Any CPU
		{520D5752-1225-4CCA-9908-0D5C0BEA2034}.Release|Any CPU.Build.0 = Release|Any CPU
		{5CF6B254-31AB-4835-8836-296DC7D5DB94}.Debug|Any CPU.ActiveCfg = Debug|Any CPU
		{5CF6B254-31AB-4835-8836-296DC7D5DB94}.Debug|Any CPU.Build.0 = Debug|Any CPU
		{5CF6B254-31AB-4835-8836-296DC7D5DB94}.Release|Any CPU.ActiveCfg = Release|Any CPU
		{5CF6B254-31AB-4835-8836-296DC7D5DB94}.Release|Any CPU.Build.0 = Release|Any CPU
		{68B9C74A-8560-4E64-A529-8C1B98FCE1E1}.Debug|Any CPU.ActiveCfg = Debug|Any CPU
		{68B9C74A-8560-4E64-A529-8C1B98FCE1E1}.Debug|Any CPU.Build.0 = Debug|Any CPU
		{68B9C74A-8560-4E64-A529-8C1B98FCE1E1}.Release|Any CPU.ActiveCfg = Release|Any CPU
		{68B9C74A-8560-4E64-A529-8C1B98FCE1E1}.Release|Any CPU.Build.0 = Release|Any CPU
		{02A00C49-BE03-49C4-8CDB-D98128ADB2E3}.Debug|Any CPU.ActiveCfg = Debug|Any CPU
		{02A00C49-BE03-49C4-8CDB-D98128ADB2E3}.Debug|Any CPU.Build.0 = Debug|Any CPU
		{02A00C49-BE03-49C4-8CDB-D98128ADB2E3}.Release|Any CPU.ActiveCfg = Release|Any CPU
		{02A00C49-BE03-49C4-8CDB-D98128ADB2E3}.Release|Any CPU.Build.0 = Release|Any CPU
		{FEEEC60B-248B-4545-BFBA-36753F4AB989}.Debug|Any CPU.ActiveCfg = Debug|Any CPU
		{FEEEC60B-248B-4545-BFBA-36753F4AB989}.Debug|Any CPU.Build.0 = Debug|Any CPU
		{FEEEC60B-248B-4545-BFBA-36753F4AB989}.Release|Any CPU.ActiveCfg = Release|Any CPU
		{FEEEC60B-248B-4545-BFBA-36753F4AB989}.Release|Any CPU.Build.0 = Release|Any CPU
		{1D19602F-C7F8-4BF7-A131-AAAE949B450D}.Debug|Any CPU.ActiveCfg = Debug|Any CPU
		{1D19602F-C7F8-4BF7-A131-AAAE949B450D}.Debug|Any CPU.Build.0 = Debug|Any CPU
		{1D19602F-C7F8-4BF7-A131-AAAE949B450D}.Release|Any CPU.ActiveCfg = Release|Any CPU
		{1D19602F-C7F8-4BF7-A131-AAAE949B450D}.Release|Any CPU.Build.0 = Release|Any CPU
	EndGlobalSection
	GlobalSection(SolutionProperties) = preSolution
		HideSolutionNode = FALSE
	EndGlobalSection
	GlobalSection(NestedProjects) = preSolution
		{0BA40EB5-3BA1-4C7C-8A35-2EA6D63457D1} = {4B03F9DE-FEE7-40A1-A795-FBAD4D2DED39}
		{49A80E5D-A713-4514-A02D-441B65E32474} = {0BA40EB5-3BA1-4C7C-8A35-2EA6D63457D1}
		{D5CC2662-376F-4BF8-8295-693AD434BAE9} = {37FDE43E-DB1B-489C-A75C-AF988C80B1A1}
		{C66C3266-78A1-4C62-B954-669DC8D3ABE1} = {D5CC2662-376F-4BF8-8295-693AD434BAE9}
		{E3FC5243-D45C-4D74-8CD1-9283C2262FEC} = {4B03F9DE-FEE7-40A1-A795-FBAD4D2DED39}
		{E8F12206-DEEB-4062-B74E-7940D6C07D9C} = {E3FC5243-D45C-4D74-8CD1-9283C2262FEC}
		{26FFD2B0-78C3-4E9D-8B0F-776F9B068CE3} = {4B03F9DE-FEE7-40A1-A795-FBAD4D2DED39}
		{456FDD1C-D915-4BFE-902A-98A81BBBCD1E} = {26FFD2B0-78C3-4E9D-8B0F-776F9B068CE3}
		{AD92E8D9-933B-4BAC-9343-700A359EFC2C} = {26FFD2B0-78C3-4E9D-8B0F-776F9B068CE3}
		{A832881A-9B88-46A0-8272-6C9F42223DA6} = {26FFD2B0-78C3-4E9D-8B0F-776F9B068CE3}
		{C6872D8F-DB26-484D-BFB4-5BFC7BE205BA} = {26FFD2B0-78C3-4E9D-8B0F-776F9B068CE3}
		{5F9ABEC9-7B48-4018-B58E-B382125FE214} = {4B03F9DE-FEE7-40A1-A795-FBAD4D2DED39}
		{307060C6-29B4-4679-9C1E-9088E0564490} = {5F9ABEC9-7B48-4018-B58E-B382125FE214}
		{4E42A999-9602-4C12-A3CC-A004A85F0E3E} = {5F9ABEC9-7B48-4018-B58E-B382125FE214}
		{C633E715-8BB4-4D5B-93DB-CD05A080AAFF} = {5F9ABEC9-7B48-4018-B58E-B382125FE214}
		{018805C7-DA63-4B36-A960-9E069033B535} = {5F9ABEC9-7B48-4018-B58E-B382125FE214}
		{C94A7C42-D733-448A-8444-91DEDA5FCFAA} = {71CF701D-9E8C-4203-8C4D-79036F27CE88}
		{3FC18740-63D9-4D39-9CB3-5AB717833D03} = {71CF701D-9E8C-4203-8C4D-79036F27CE88}
		{713234D7-DC62-4BBA-99F1-3E87302FFC35} = {37FDE43E-DB1B-489C-A75C-AF988C80B1A1}
		{15147CD7-A57E-4E2D-ACA6-D30D8B65DEC1} = {713234D7-DC62-4BBA-99F1-3E87302FFC35}
		{F6606529-D1D5-44F1-8E75-45F8697F4815} = {713234D7-DC62-4BBA-99F1-3E87302FFC35}
		{35D7F296-2ED5-4EF5-AAC0-212F5ABAB844} = {713234D7-DC62-4BBA-99F1-3E87302FFC35}
		{7836BD64-0DD1-48CA-885A-9A6F536FAC95} = {37FDE43E-DB1B-489C-A75C-AF988C80B1A1}
		{77314DEC-A602-4A4A-A9D3-4CAF8393BE14} = {7836BD64-0DD1-48CA-885A-9A6F536FAC95}
		{C51B73BE-74F9-4E57-ACD9-2C92217E40C5} = {4B03F9DE-FEE7-40A1-A795-FBAD4D2DED39}
		{60E210CD-8E86-4FC7-8DD0-A04A547A74AA} = {C51B73BE-74F9-4E57-ACD9-2C92217E40C5}
		{8C559B4F-74B8-49E2-AE60-058112FDAA7C} = {4B03F9DE-FEE7-40A1-A795-FBAD4D2DED39}
		{520D5752-1225-4CCA-9908-0D5C0BEA2034} = {8C559B4F-74B8-49E2-AE60-058112FDAA7C}
		{A7D24B4C-23CD-448B-9533-F7C097B7BA76} = {4B03F9DE-FEE7-40A1-A795-FBAD4D2DED39}
		{5CF6B254-31AB-4835-8836-296DC7D5DB94} = {A7D24B4C-23CD-448B-9533-F7C097B7BA76}
		{3A3B31B4-BC4A-402B-830B-8FE2B169F223} = {4B03F9DE-FEE7-40A1-A795-FBAD4D2DED39}
		{68B9C74A-8560-4E64-A529-8C1B98FCE1E1} = {3A3B31B4-BC4A-402B-830B-8FE2B169F223}
		{54821C5A-59B6-4910-ABF9-96BB298C47C1} = {4B03F9DE-FEE7-40A1-A795-FBAD4D2DED39}
		{02A00C49-BE03-49C4-8CDB-D98128ADB2E3} = {54821C5A-59B6-4910-ABF9-96BB298C47C1}
		{FEEEC60B-248B-4545-BFBA-36753F4AB989} = {71CF701D-9E8C-4203-8C4D-79036F27CE88}
		{1D19602F-C7F8-4BF7-A131-AAAE949B450D} = {A8A802EC-9832-466F-885C-6858E7BC303E}
	EndGlobalSection
	GlobalSection(ExtensibilityGlobals) = postSolution
		SolutionGuid = {74993FBD-BA11-460D-AD99-EC21AF9520E0}
	EndGlobalSection
EndGlobal
